dependencies:
  idf:
    source:
      type: idf
    version: 5.5.2
  livekit/nanopb:
    component_hash: 5b3bd915d2eb2ad1a7bb4a3ca655c40f31bab5f4f48e75ec04e300dc9ab78f4d
    dependencies: []
    source:
      registry_url: https://components.espressif.com/
      type: service
    version: 0.4.9
direct_dependencies:
- livekit/nanopb
manifest_hash: 92f0b7646b34c6a1f6d4e9be12eb87baf2a969ddb7b17e0f3fb4de08ae0a2542
target: esp32s3
version: 2.0.0
