dependencies:
  espressif/esp_tinyusb:
    component_hash: 6f1f0c140990bf27a86611e3c1f47f9fa8468bffc3bf1eb6d551cb09f31f8908
    dependencies:
    - name: idf
      require: private
      version: '>=5.0'
    - name: espressif/tinyusb
      registry_url: https://components.espressif.com
      require: public
      version: '>=0.17.0~2'
    source:
      registry_url: https://components.espressif.com/
      type: service
    targets:
    - esp32s2
    - esp32s3
    - esp32p4
    - esp32h4
    version: 2.0.1~1
  espressif/tinyusb:
    component_hash: 5ea9d3b6d6b0734a0a0b3491967aa0e1bece2974132294dbda5dd2839b247bfa
    dependencies:
    - name: idf
      require: private
      version: '>=5.0'
    source:
      registry_url: https://components.espressif.com
      type: service
    targets:
    - esp32s2
    - esp32s3
    - esp32p4
    - esp32h4
    version: 0.19.0~2
  idf:
    source:
      type: idf
    version: 5.5.2
  livekit/nanopb:
    component_hash: 5b3bd915d2eb2ad1a7bb4a3ca655c40f31bab5f4f48e75ec04e300dc9ab78f4d
    dependencies: []
    source:
      registry_url: https://components.espressif.com/
      type: service
    version: 0.4.9
direct_dependencies:
- espressif/esp_tinyusb
- livekit/nanopb
manifest_hash: 30753e62ac1478301fbc657a32ef214a04bd13c8cd391afc81cc9114a7b4ad5f
target: esp32s3
version: 2.0.0
